<?xml version="1.0" encoding="utf-8"?>
<Project ToolsVersion="4.0" xmlns="http://schemas.microsoft.com/developer/msbuild/2003">
  <ItemGroup>
    <Filter Include="Docs">
      <UniqueIdentifier>{AE3E847C-9A75-850D-4362-6B102F78010F}</UniqueIdentifier>
    </Filter>
    <Filter Include="OpenGL Project">
      <UniqueIdentifier>{A19BF308-8D69-E70E-76FD-5735626AC373}</UniqueIdentifier>
    </Filter>
    <Filter Include="OpenGL Project\Header">
      <UniqueIdentifier>{B9431D5C-25B0-D856-EEA3-70B45ACFFABE}</UniqueIdentifier>
    </Filter>
    <Filter Include="OpenGL Project\Shader">
      <UniqueIdentifier>{274CFC75-93B8-B770-5CAC-4FCEC8D7D9D8}</UniqueIdentifier>
    </Filter>
    <Filter Include="OpenGL Project\Source">
      <UniqueIdentifier>{812A8676-ED96-4171-B68A-D9CE22B663D9}</UniqueIdentifier>
    </Filter>
  </ItemGroup>
  <ItemGroup>
    <ClInclude Include="OpenGL Project\Header\Input.h">
      <Filter>OpenGL Project\Header</Filter>
    </ClInclude>
    <ClInclude Include="OpenGL Project\Header\Screen.h">
      <Filter>OpenGL Project\Header</Filter>
    </ClInclude>
    <ClInclude Include="OpenGL Project\Header\Shader.h">
      <Filter>OpenGL Project\Header</Filter>
    </ClInclude>
    <ClInclude Include="OpenGL Project\Header\Utility.h">
      <Filter>OpenGL Project\Header</Filter>
    </ClInclude>
    <ClInclude Include="OpenGL Project\Header\gl.h">
      <Filter>OpenGL Project\Header</Filter>
    </ClInclude>
    <ClInclude Include="OpenGL Project\Header\khrplatform.h">
      <Filter>OpenGL Project\Header</Filter>
    </ClInclude>
  </ItemGroup>
  <ItemGroup>
    <ClCompile Include="OpenGL Project\Source\Input.cpp">
      <Filter>OpenGL Project\Source</Filter>
    </ClCompile>
    <ClCompile Include="OpenGL Project\Source\Main.cpp">
      <Filter>OpenGL Project\Source</Filter>
    </ClCompile>
    <ClCompile Include="OpenGL Project\Source\Screen.cpp">
      <Filter>OpenGL Project\Source</Filter>
    </ClCompile>
    <ClCompile Include="OpenGL Project\Source\Shader.cpp">
      <Filter>OpenGL Project\Source</Filter>
    </ClCompile>
    <ClCompile Include="OpenGL Project\Source\Utility.cpp">
      <Filter>OpenGL Project\Source</Filter>
    </ClCompile>
    <ClCompile Include="OpenGL Project\Source\gl.c">
      <Filter>OpenGL Project\Source</Filter>
    </ClCompile>
  </ItemGroup>
  <ItemGroup>
    <None Include=".gitignore">
      <Filter>Docs</Filter>
    </None>
    <None Include="OpenGL Project\Shader\Main.frag">
      <Filter>OpenGL Project\Shader</Filter>
    </None>
    <None Include="OpenGL Project\Shader\Main.vert">
      <Filter>OpenGL Project\Shader</Filter>
    </None>
    <None Include="README.md">
      <Filter>Docs</Filter>
    </None>
    <None Include="premake5.lua">
      <Filter>Docs</Filter>
    </None>
  </ItemGroup>
</Project>