<?xml version="1.0" encoding="utf-8"?>
<Project ToolsVersion="4.0" xmlns="http://schemas.microsoft.com/developer/msbuild/2003">
  <ItemGroup>
    <Filter Include="Docs">
      <UniqueIdentifier>{AE3E847C-9A75-850D-4362-6B102F78010F}</UniqueIdentifier>
    </Filter>
    <Filter Include="Headers">
      <UniqueIdentifier>{C196CD9C-2D76-4C38-368E-D70EA2ECB299}</UniqueIdentifier>
    </Filter>
    <Filter Include="OpenGL Project">
      <UniqueIdentifier>{A19BF308-8D69-E70E-76FD-5735626AC373}</UniqueIdentifier>
    </Filter>
    <Filter Include="OpenGL Project\Debug">
      <UniqueIdentifier>{D71A0612-C3A9-8FDB-6CC8-A3D65836A081}</UniqueIdentifier>
    </Filter>
    <Filter Include="OpenGL Project\Debug\OpenGL Project.tlog">
      <UniqueIdentifier>{C6087A3F-B285-6D82-DB02-6E96C7DE0916}</UniqueIdentifier>
    </Filter>
    <Filter Include="OpenGL Project\x64">
      <UniqueIdentifier>{924FC64A-7E33-87A0-E793-81F3D3967122}</UniqueIdentifier>
    </Filter>
    <Filter Include="OpenGL Project\x64\Debug">
      <UniqueIdentifier>{883F6659-7464-B5D9-9DAF-9A698933B4F7}</UniqueIdentifier>
    </Filter>
    <Filter Include="OpenGL Project\x64\Debug\OpenGL Project.tlog">
      <UniqueIdentifier>{F75F0DD4-E372-0D2D-8C5C-EA19784EAA7A}</UniqueIdentifier>
    </Filter>
    <Filter Include="Shaders">
      <UniqueIdentifier>{EFAC8DF2-5B8C-0C8E-64A4-9764D00273EF}</UniqueIdentifier>
    </Filter>
    <Filter Include="Sources">
      <UniqueIdentifier>{89565304-F535-D29F-FE4D-5D766AAC3801}</UniqueIdentifier>
    </Filter>
  </ItemGroup>
  <ItemGroup>
    <ClInclude Include="OpenGL Project\Input.h">
      <Filter>Headers</Filter>
    </ClInclude>
    <ClInclude Include="OpenGL Project\Screen.h">
      <Filter>Headers</Filter>
    </ClInclude>
    <ClInclude Include="OpenGL Project\Utility.h">
      <Filter>Headers</Filter>
    </ClInclude>
  </ItemGroup>
  <ItemGroup>
    <ClCompile Include="OpenGL Project\Input.cpp">
      <Filter>Sources</Filter>
    </ClCompile>
    <ClCompile Include="OpenGL Project\Main.cpp">
      <Filter>Sources</Filter>
    </ClCompile>
    <ClCompile Include="OpenGL Project\Screen.cpp">
      <Filter>Sources</Filter>
    </ClCompile>
  </ItemGroup>
  <ItemGroup>
    <None Include=".gitignore">
      <Filter>Docs</Filter>
    </None>
    <None Include="OpenGL Project\Debug\Input.obj">
      <Filter>OpenGL Project\Debug</Filter>
    </None>
    <None Include="OpenGL Project\Debug\Main.obj">
      <Filter>OpenGL Project\Debug</Filter>
    </None>
    <None Include="OpenGL Project\Debug\OpenGL Project.exe.recipe">
      <Filter>OpenGL Project\Debug</Filter>
    </None>
    <None Include="OpenGL Project\Debug\OpenGL Project.ilk">
      <Filter>OpenGL Project\Debug</Filter>
    </None>
    <None Include="OpenGL Project\Debug\OpenGL Project.log">
      <Filter>OpenGL Project\Debug</Filter>
    </None>
    <None Include="OpenGL Project\Debug\OpenGL Project.tlog\CL.command.1.tlog">
      <Filter>Sources</Filter>
    </None>
    <None Include="OpenGL Project\Debug\OpenGL Project.tlog\CL.read.1.tlog">
      <Filter>OpenGL Project\Debug\OpenGL Project.tlog</Filter>
    </None>
    <None Include="OpenGL Project\Debug\OpenGL Project.tlog\CL.write.1.tlog">
      <Filter>OpenGL Project\Debug\OpenGL Project.tlog</Filter>
    </None>
    <None Include="OpenGL Project\Debug\OpenGL Project.tlog\OpenGL Project.lastbuildstate">
      <Filter>OpenGL Project\Debug\OpenGL Project.tlog</Filter>
    </None>
    <None Include="OpenGL Project\Debug\OpenGL Project.tlog\link.command.1.tlog">
      <Filter>Sources</Filter>
    </None>
    <None Include="OpenGL Project\Debug\OpenGL Project.tlog\link.read.1.tlog">
      <Filter>OpenGL Project\Debug\OpenGL Project.tlog</Filter>
    </None>
    <None Include="OpenGL Project\Debug\OpenGL Project.tlog\link.write.1.tlog">
      <Filter>OpenGL Project\Debug\OpenGL Project.tlog</Filter>
    </None>
    <None Include="OpenGL Project\Debug\Screen.obj">
      <Filter>OpenGL Project\Debug</Filter>
    </None>
    <None Include="OpenGL Project\Debug\vc142.idb">
      <Filter>OpenGL Project\Debug</Filter>
    </None>
    <None Include="OpenGL Project\Debug\vc142.pdb">
      <Filter>OpenGL Project\Debug</Filter>
    </None>
    <None Include="OpenGL Project\Main.frag">
      <Filter>Shaders</Filter>
    </None>
    <None Include="OpenGL Project\Main.vert">
      <Filter>Shaders</Filter>
    </None>
    <None Include="OpenGL Project\OpenGL Project.vcxproj.user">
      <Filter>OpenGL Project</Filter>
    </None>
    <None Include="OpenGL Project\x64\Debug\OpenGL Project.log">
      <Filter>OpenGL Project\x64\Debug</Filter>
    </None>
    <None Include="OpenGL Project\x64\Debug\OpenGL Project.tlog\CL.command.1.tlog">
      <Filter>Sources</Filter>
    </None>
    <None Include="OpenGL Project\x64\Debug\OpenGL Project.tlog\OpenGL Project.lastbuildstate">
      <Filter>OpenGL Project\x64\Debug\OpenGL Project.tlog</Filter>
    </None>
    <None Include="OpenGL Project\x64\Debug\OpenGL Project.tlog\unsuccessfulbuild">
      <Filter>OpenGL Project\x64\Debug\OpenGL Project.tlog</Filter>
    </None>
    <None Include="OpenGL Project\x64\Debug\SDL2.dll">
      <Filter>OpenGL Project\x64\Debug</Filter>
    </None>
    <None Include="OpenGL Project\x64\Debug\vc142.idb">
      <Filter>OpenGL Project\x64\Debug</Filter>
    </None>
    <None Include="OpenGL Project\x64\Debug\vc142.pdb">
      <Filter>OpenGL Project\x64\Debug</Filter>
    </None>
    <None Include="README.md">
      <Filter>Docs</Filter>
    </None>
    <None Include="premake5.lua">
      <Filter>Docs</Filter>
    </None>
  </ItemGroup>
</Project>